
Microsoft Visual Studio Solution File, Format Version 12.00
# Visual Studio Version 17
VisualStudioVersion = 17.0.31903.59
MinimumVisualStudioVersion = 10.0.40219.1
Project("{2150E333-8FDC-42A3-9474-1A3956D46DE8}") = "src", "src", "{827E0CD3-B72D-47B6-A68D-7590B98EB39B}"
EndProject
Project("{FAE04EC0-301F-11D3-BF4B-00C04F79EFBC}") = "QuizBattle.Domain", "src\QuizBattle.Domain\QuizBattle.Domain.csproj", "{608354D8-7DB6-43BA-BFC5-A0010801BA96}"
EndProject
Project("{FAE04EC0-301F-11D3-BF4B-00C04F79EFBC}") = "QuizBattle.Application", "src\QuizBattle.Application\QuizBattle.Application.csproj", "{6AC668F5-F51D-4F9E-B3B9-433B0283D745}"
EndProject
Project("{FAE04EC0-301F-11D3-BF4B-00C04F79EFBC}") = "QuizBattle.Infrastructure", "src\QuizBattle.Infrastructure\QuizBattle.Infrastructure.csproj", "{129A9BBF-2D76-4C54-A1C1-4E8D0CE51B14}"
EndProject
Project("{FAE04EC0-301F-11D3-BF4B-00C04F79EFBC}") = "QuizBattle.MobileApp", "src\QuizBattle.MobileApp\QuizBattle.MobileApp.csproj", "{45930758-B988-4552-B18C-552B88AFD101}"
EndProject
Project("{FAE04EC0-301F-11D3-BF4B-00C04F79EFBC}") = "QuizBattle.AdminPanel", "src\QuizBattle.AdminPanel\QuizBattle.AdminPanel.csproj", "{036D1DEF-0B25-4C2B-BD09-50D00B5F1F47}"
EndProject
Project("{FAE04EC0-301F-11D3-BF4B-00C04F79EFBC}") = "QuizBattle.API", "src\QuizBattle.API\QuizBattle.API.csproj", "{1D898F53-792F-4D74-9BEF-3DACC4F52BEE}"
EndProject
Project("{FAE04EC0-301F-11D3-BF4B-00C04F79EFBC}") = "QuizBattle.PWA", "src\QuizBattle.PWA\QuizBattle.PWA.csproj", "{9803F0FC-1F3C-46B3-B1BE-A92F85460702}"
EndProject
Project("{FAE04EC0-301F-11D3-BF4B-00C04F79EFBC}") = "QuizBattle.Shared", "src\QuizBattle.Shared\QuizBattle.Shared.csproj", "{B6D8D45B-AA8C-4F3E-8F09-B8C16547D864}"
EndProject
Global
	GlobalSection(SolutionConfigurationPlatforms) = preSolution
		Debug|Any CPU = Debug|Any CPU
		Debug|x64 = Debug|x64
		Debug|x86 = Debug|x86
		Release|Any CPU = Release|Any CPU
		Release|x64 = Release|x64
		Release|x86 = Release|x86
	EndGlobalSection
	GlobalSection(ProjectConfigurationPlatforms) = postSolution
		{608354D8-7DB6-43BA-BFC5-A0010801BA96}.Debug|Any CPU.ActiveCfg = Debug|Any CPU
		{608354D8-7DB6-43BA-BFC5-A0010801BA96}.Debug|Any CPU.Build.0 = Debug|Any CPU
		{608354D8-7DB6-43BA-BFC5-A0010801BA96}.Debug|x64.ActiveCfg = Debug|Any CPU
		{608354D8-7DB6-43BA-BFC5-A0010801BA96}.Debug|x64.Build.0 = Debug|Any CPU
		{608354D8-7DB6-43BA-BFC5-A0010801BA96}.Debug|x86.ActiveCfg = Debug|Any CPU
		{608354D8-7DB6-43BA-BFC5-A0010801BA96}.Debug|x86.Build.0 = Debug|Any CPU
		{608354D8-7DB6-43BA-BFC5-A0010801BA96}.Release|Any CPU.ActiveCfg = Release|Any CPU
		{608354D8-7DB6-43BA-BFC5-A0010801BA96}.Release|Any CPU.Build.0 = Release|Any CPU
		{608354D8-7DB6-43BA-BFC5-A0010801BA96}.Release|x64.ActiveCfg = Release|Any CPU
		{608354D8-7DB6-43BA-BFC5-A0010801BA96}.Release|x64.Build.0 = Release|Any CPU
		{608354D8-7DB6-43BA-BFC5-A0010801BA96}.Release|x86.ActiveCfg = Release|Any CPU
		{608354D8-7DB6-43BA-BFC5-A0010801BA96}.Release|x86.Build.0 = Release|Any CPU
		{6AC668F5-F51D-4F9E-B3B9-433B0283D745}.Debug|Any CPU.ActiveCfg = Debug|Any CPU
		{6AC668F5-F51D-4F9E-B3B9-433B0283D745}.Debug|Any CPU.Build.0 = Debug|Any CPU
		{6AC668F5-F51D-4F9E-B3B9-433B0283D745}.Debug|x64.ActiveCfg = Debug|Any CPU
		{6AC668F5-F51D-4F9E-B3B9-433B0283D745}.Debug|x64.Build.0 = Debug|Any CPU
		{6AC668F5-F51D-4F9E-B3B9-433B0283D745}.Debug|x86.ActiveCfg = Debug|Any CPU
		{6AC668F5-F51D-4F9E-B3B9-433B0283D745}.Debug|x86.Build.0 = Debug|Any CPU
		{6AC668F5-F51D-4F9E-B3B9-433B0283D745}.Release|Any CPU.ActiveCfg = Release|Any CPU
		{6AC668F5-F51D-4F9E-B3B9-433B0283D745}.Release|Any CPU.Build.0 = Release|Any CPU
		{6AC668F5-F51D-4F9E-B3B9-433B0283D745}.Release|x64.ActiveCfg = Release|Any CPU
		{6AC668F5-F51D-4F9E-B3B9-433B0283D745}.Release|x64.Build.0 = Release|Any CPU
		{6AC668F5-F51D-4F9E-B3B9-433B0283D745}.Release|x86.ActiveCfg = Release|Any CPU
		{6AC668F5-F51D-4F9E-B3B9-433B0283D745}.Release|x86.Build.0 = Release|Any CPU
		{129A9BBF-2D76-4C54-A1C1-4E8D0CE51B14}.Debug|Any CPU.ActiveCfg = Debug|Any CPU
		{129A9BBF-2D76-4C54-A1C1-4E8D0CE51B14}.Debug|Any CPU.Build.0 = Debug|Any CPU
		{129A9BBF-2D76-4C54-A1C1-4E8D0CE51B14}.Debug|x64.ActiveCfg = Debug|Any CPU
		{129A9BBF-2D76-4C54-A1C1-4E8D0CE51B14}.Debug|x64.Build.0 = Debug|Any CPU
		{129A9BBF-2D76-4C54-A1C1-4E8D0CE51B14}.Debug|x86.ActiveCfg = Debug|Any CPU
		{129A9BBF-2D76-4C54-A1C1-4E8D0CE51B14}.Debug|x86.Build.0 = Debug|Any CPU
		{129A9BBF-2D76-4C54-A1C1-4E8D0CE51B14}.Release|Any CPU.ActiveCfg = Release|Any CPU
		{129A9BBF-2D76-4C54-A1C1-4E8D0CE51B14}.Release|Any CPU.Build.0 = Release|Any CPU
		{129A9BBF-2D76-4C54-A1C1-4E8D0CE51B14}.Release|x64.ActiveCfg = Release|Any CPU
		{129A9BBF-2D76-4C54-A1C1-4E8D0CE51B14}.Release|x64.Build.0 = Release|Any CPU
		{129A9BBF-2D76-4C54-A1C1-4E8D0CE51B14}.Release|x86.ActiveCfg = Release|Any CPU
		{129A9BBF-2D76-4C54-A1C1-4E8D0CE51B14}.Release|x86.Build.0 = Release|Any CPU
		{45930758-B988-4552-B18C-552B88AFD101}.Debug|Any CPU.ActiveCfg = Debug|Any CPU
		{45930758-B988-4552-B18C-552B88AFD101}.Debug|Any CPU.Build.0 = Debug|Any CPU
		{45930758-B988-4552-B18C-552B88AFD101}.Debug|x64.ActiveCfg = Debug|Any CPU
		{45930758-B988-4552-B18C-552B88AFD101}.Debug|x64.Build.0 = Debug|Any CPU
		{45930758-B988-4552-B18C-552B88AFD101}.Debug|x86.ActiveCfg = Debug|Any CPU
		{45930758-B988-4552-B18C-552B88AFD101}.Debug|x86.Build.0 = Debug|Any CPU
		{45930758-B988-4552-B18C-552B88AFD101}.Release|Any CPU.ActiveCfg = Release|Any CPU
		{45930758-B988-4552-B18C-552B88AFD101}.Release|Any CPU.Build.0 = Release|Any CPU
		{45930758-B988-4552-B18C-552B88AFD101}.Release|x64.ActiveCfg = Release|Any CPU
		{45930758-B988-4552-B18C-552B88AFD101}.Release|x64.Build.0 = Release|Any CPU
		{45930758-B988-4552-B18C-552B88AFD101}.Release|x86.ActiveCfg = Release|Any CPU
		{45930758-B988-4552-B18C-552B88AFD101}.Release|x86.Build.0 = Release|Any CPU
		{036D1DEF-0B25-4C2B-BD09-50D00B5F1F47}.Debug|Any CPU.ActiveCfg = Debug|Any CPU
		{036D1DEF-0B25-4C2B-BD09-50D00B5F1F47}.Debug|Any CPU.Build.0 = Debug|Any CPU
		{036D1DEF-0B25-4C2B-BD09-50D00B5F1F47}.Debug|x64.ActiveCfg = Debug|Any CPU
		{036D1DEF-0B25-4C2B-BD09-50D00B5F1F47}.Debug|x64.Build.0 = Debug|Any CPU
		{036D1DEF-0B25-4C2B-BD09-50D00B5F1F47}.Debug|x86.ActiveCfg = Debug|Any CPU
		{036D1DEF-0B25-4C2B-BD09-50D00B5F1F47}.Debug|x86.Build.0 = Debug|Any CPU
		{036D1DEF-0B25-4C2B-BD09-50D00B5F1F47}.Release|Any CPU.ActiveCfg = Release|Any CPU
		{036D1DEF-0B25-4C2B-BD09-50D00B5F1F47}.Release|Any CPU.Build.0 = Release|Any CPU
		{036D1DEF-0B25-4C2B-BD09-50D00B5F1F47}.Release|x64.ActiveCfg = Release|Any CPU
		{036D1DEF-0B25-4C2B-BD09-50D00B5F1F47}.Release|x64.Build.0 = Release|Any CPU
		{036D1DEF-0B25-4C2B-BD09-50D00B5F1F47}.Release|x86.ActiveCfg = Release|Any CPU
		{036D1DEF-0B25-4C2B-BD09-50D00B5F1F47}.Release|x86.Build.0 = Release|Any CPU
		{1D898F53-792F-4D74-9BEF-3DACC4F52BEE}.Debug|Any CPU.ActiveCfg = Debug|Any CPU
		{1D898F53-792F-4D74-9BEF-3DACC4F52BEE}.Debug|Any CPU.Build.0 = Debug|Any CPU
		{1D898F53-792F-4D74-9BEF-3DACC4F52BEE}.Debug|x64.ActiveCfg = Debug|Any CPU
		{1D898F53-792F-4D74-9BEF-3DACC4F52BEE}.Debug|x64.Build.0 = Debug|Any CPU
		{1D898F53-792F-4D74-9BEF-3DACC4F52BEE}.Debug|x86.ActiveCfg = Debug|Any CPU
		{1D898F53-792F-4D74-9BEF-3DACC4F52BEE}.Debug|x86.Build.0 = Debug|Any CPU
		{1D898F53-792F-4D74-9BEF-3DACC4F52BEE}.Release|Any CPU.ActiveCfg = Release|Any CPU
		{1D898F53-792F-4D74-9BEF-3DACC4F52BEE}.Release|Any CPU.Build.0 = Release|Any CPU
		{1D898F53-792F-4D74-9BEF-3DACC4F52BEE}.Release|x64.ActiveCfg = Release|Any CPU
		{1D898F53-792F-4D74-9BEF-3DACC4F52BEE}.Release|x64.Build.0 = Release|Any CPU
		{1D898F53-792F-4D74-9BEF-3DACC4F52BEE}.Release|x86.ActiveCfg = Release|Any CPU
		{1D898F53-792F-4D74-9BEF-3DACC4F52BEE}.Release|x86.Build.0 = Release|Any CPU
		{9803F0FC-1F3C-46B3-B1BE-A92F85460702}.Debug|Any CPU.ActiveCfg = Debug|Any CPU
		{9803F0FC-1F3C-46B3-B1BE-A92F85460702}.Debug|Any CPU.Build.0 = Debug|Any CPU
		{9803F0FC-1F3C-46B3-B1BE-A92F85460702}.Debug|x64.ActiveCfg = Debug|Any CPU
		{9803F0FC-1F3C-46B3-B1BE-A92F85460702}.Debug|x64.Build.0 = Debug|Any CPU
		{9803F0FC-1F3C-46B3-B1BE-A92F85460702}.Debug|x86.ActiveCfg = Debug|Any CPU
		{9803F0FC-1F3C-46B3-B1BE-A92F85460702}.Debug|x86.Build.0 = Debug|Any CPU
		{9803F0FC-1F3C-46B3-B1BE-A92F85460702}.Release|Any CPU.ActiveCfg = Release|Any CPU
		{9803F0FC-1F3C-46B3-B1BE-A92F85460702}.Release|Any CPU.Build.0 = Release|Any CPU
		{9803F0FC-1F3C-46B3-B1BE-A92F85460702}.Release|x64.ActiveCfg = Release|Any CPU
		{9803F0FC-1F3C-46B3-B1BE-A92F85460702}.Release|x64.Build.0 = Release|Any CPU
		{9803F0FC-1F3C-46B3-B1BE-A92F85460702}.Release|x86.ActiveCfg = Release|Any CPU
		{9803F0FC-1F3C-46B3-B1BE-A92F85460702}.Release|x86.Build.0 = Release|Any CPU
		{B6D8D45B-AA8C-4F3E-8F09-B8C16547D864}.Debug|Any CPU.ActiveCfg = Debug|Any CPU
		{B6D8D45B-AA8C-4F3E-8F09-B8C16547D864}.Debug|Any CPU.Build.0 = Debug|Any CPU
		{B6D8D45B-AA8C-4F3E-8F09-B8C16547D864}.Debug|x64.ActiveCfg = Debug|Any CPU
		{B6D8D45B-AA8C-4F3E-8F09-B8C16547D864}.Debug|x64.Build.0 = Debug|Any CPU
		{B6D8D45B-AA8C-4F3E-8F09-B8C16547D864}.Debug|x86.ActiveCfg = Debug|Any CPU
		{B6D8D45B-AA8C-4F3E-8F09-B8C16547D864}.Debug|x86.Build.0 = Debug|Any CPU
		{B6D8D45B-AA8C-4F3E-8F09-B8C16547D864}.Release|Any CPU.ActiveCfg = Release|Any CPU
		{B6D8D45B-AA8C-4F3E-8F09-B8C16547D864}.Release|Any CPU.Build.0 = Release|Any CPU
		{B6D8D45B-AA8C-4F3E-8F09-B8C16547D864}.Release|x64.ActiveCfg = Release|Any CPU
		{B6D8D45B-AA8C-4F3E-8F09-B8C16547D864}.Release|x64.Build.0 = Release|Any CPU
		{B6D8D45B-AA8C-4F3E-8F09-B8C16547D864}.Release|x86.ActiveCfg = Release|Any CPU
		{B6D8D45B-AA8C-4F3E-8F09-B8C16547D864}.Release|x86.Build.0 = Release|Any CPU
	EndGlobalSection
	GlobalSection(SolutionProperties) = preSolution
		HideSolutionNode = FALSE
	EndGlobalSection
	GlobalSection(NestedProjects) = preSolution
		{608354D8-7DB6-43BA-BFC5-A0010801BA96} = {827E0CD3-B72D-47B6-A68D-7590B98EB39B}
		{6AC668F5-F51D-4F9E-B3B9-433B0283D745} = {827E0CD3-B72D-47B6-A68D-7590B98EB39B}
		{129A9BBF-2D76-4C54-A1C1-4E8D0CE51B14} = {827E0CD3-B72D-47B6-A68D-7590B98EB39B}
		{45930758-B988-4552-B18C-552B88AFD101} = {827E0CD3-B72D-47B6-A68D-7590B98EB39B}
		{036D1DEF-0B25-4C2B-BD09-50D00B5F1F47} = {827E0CD3-B72D-47B6-A68D-7590B98EB39B}
		{1D898F53-792F-4D74-9BEF-3DACC4F52BEE} = {827E0CD3-B72D-47B6-A68D-7590B98EB39B}
		{9803F0FC-1F3C-46B3-B1BE-A92F85460702} = {827E0CD3-B72D-47B6-A68D-7590B98EB39B}
		{B6D8D45B-AA8C-4F3E-8F09-B8C16547D864} = {827E0CD3-B72D-47B6-A68D-7590B98EB39B}
	EndGlobalSection
EndGlobal
